Microsoft Visual Studio Solution File, Format Version 12.00
# Visual Studio Version 17
VisualStudioVersion = 17.5.2.0
MinimumVisualStudioVersion = 10.0.40219.1
Project("{FAE04EC0-301F-11D3-BF4B-00C04F79EFBC}") = "Sudoku", "Sudoku\Sudoku.csproj", "{2C31DF37-4589-02FD-815C-3BB8C8FD8646}"
EndProject
Global
	GlobalSection(SolutionConfigurationPlatforms) = preSolution
		Debug|Any CPU = Debug|Any CPU
		Release|Any CPU = Release|Any CPU
	EndGlobalSection
	GlobalSection(ProjectConfigurationPlatforms) = postSolution
		{2C31DF37-4589-02FD-815C-3BB8C8FD8646}.Debug|Any CPU.ActiveCfg = Debug|Any CPU
		{2C31DF37-4589-02FD-815C-3BB8C8FD8646}.Debug|Any CPU.Build.0 = Debug|Any CPU
		{2C31DF37-4589-02FD-815C-3BB8C8FD8646}.Release|Any CPU.ActiveCfg = Release|Any CPU
		{2C31DF37-4589-02FD-815C-3BB8C8FD8646}.Release|Any CPU.Build.0 = Release|Any CPU
	EndGlobalSection
	GlobalSection(SolutionProperties) = preSolution
		HideSolutionNode = FALSE
	EndGlobalSection
	GlobalSection(ExtensibilityGlobals) = postSolution
		SolutionGuid = {F34AAB1C-A063-4E60-8B11-EB0B2F965E9A}
	EndGlobalSection
EndGlobal
